
Microsoft Visual Studio Solution File, Format Version 12.00
# Visual Studio Version 17
VisualStudioVersion = 17.10.35122.118
MinimumVisualStudioVersion = 10.0.40219.1
Project("{FAE04EC0-301F-11D3-BF4B-00C04F79EFBC}") = "LearnClassLibrary", "LearnClassLibrary.csproj", "{BAA3F30B-A21C-43EC-AA1E-91396E506F8D}"
EndProject
Project("{FAE04EC0-301F-11D3-BF4B-00C04F79EFBC}") = "LearnClassLibrary.Tests1", "..\LearnClassLibrary.Tests1\LearnClassLibrary.Tests1.csproj", "{571F99E5-2315-4CA6-B198-D3054ECC3EF3}"
EndProject
Global
	GlobalSection(SolutionConfigurationPlatforms) = preSolution
		Debug|Any CPU = Debug|Any CPU
		Release|Any CPU = Release|Any CPU
	EndGlobalSection
	GlobalSection(ProjectConfigurationPlatforms) = postSolution
		{BAA3F30B-A21C-43EC-AA1E-91396E506F8D}.Debug|Any CPU.ActiveCfg = Debug|Any CPU
		{BAA3F30B-A21C-43EC-AA1E-91396E506F8D}.Debug|Any CPU.Build.0 = Debug|Any CPU
		{BAA3F30B-A21C-43EC-AA1E-91396E506F8D}.Release|Any CPU.ActiveCfg = Release|Any CPU
		{BAA3F30B-A21C-43EC-AA1E-91396E506F8D}.Release|Any CPU.Build.0 = Release|Any CPU
		{571F99E5-2315-4CA6-B198-D3054ECC3EF3}.Debug|Any CPU.ActiveCfg = Debug|Any CPU
		{571F99E5-2315-4CA6-B198-D3054ECC3EF3}.Debug|Any CPU.Build.0 = Debug|Any CPU
		{571F99E5-2315-4CA6-B198-D3054ECC3EF3}.Release|Any CPU.ActiveCfg = Release|Any CPU
		{571F99E5-2315-4CA6-B198-D3054ECC3EF3}.Release|Any CPU.Build.0 = Release|Any CPU
	EndGlobalSection
	GlobalSection(SolutionProperties) = preSolution
		HideSolutionNode = FALSE
	EndGlobalSection
	GlobalSection(ExtensibilityGlobals) = postSolution
		SolutionGuid = {26AED4FC-F3E5-4E7A-9635-E686E708ECD1}
	EndGlobalSection
EndGlobal
